// !$*UTF8*$!
{
	archiveVersion = 1;
	classes = {
	};
	objectVersion = 46;
	objects = {

/* Begin PBXBuildFile section */
		0D536F0215C4E61800543463 /* UIKit.framework in Frameworks */ = {isa = PBXBuildFile; fileRef = 0D536F0115C4E61800543463 /* UIKit.framework */; };
		0D536F0415C4E61800543463 /* Foundation.framework in Frameworks */ = {isa = PBXBuildFile; fileRef = 0D536F0315C4E61800543463 /* Foundation.framework */; };
		0D536F0615C4E61800543463 /* CoreGraphics.framework in Frameworks */ = {isa = PBXBuildFile; fileRef = 0D536F0515C4E61800543463 /* CoreGraphics.framework */; };
		0D536F0C15C4E61800543463 /* InfoPlist.strings in Resources */ = {isa = PBXBuildFile; fileRef = 0D536F0A15C4E61800543463 /* InfoPlist.strings */; };
		0D536F0E15C4E61800543463 /* main.m in Sources */ = {isa = PBXBuildFile; fileRef = 0D536F0D15C4E61800543463 /* main.m */; };
		0D536F1215C4E61800543463 /* AppDelegate.m in Sources */ = {isa = PBXBuildFile; fileRef = 0D536F1115C4E61800543463 /* AppDelegate.m */; };
		0D536F1A15C4E61800543463 /* SenTestingKit.framework in Frameworks */ = {isa = PBXBuildFile; fileRef = 0D536F1915C4E61800543463 /* SenTestingKit.framework */; };
		0D536F1B15C4E61800543463 /* UIKit.framework in Frameworks */ = {isa = PBXBuildFile; fileRef = 0D536F0115C4E61800543463 /* UIKit.framework */; };
		0D536F1C15C4E61800543463 /* Foundation.framework in Frameworks */ = {isa = PBXBuildFile; fileRef = 0D536F0315C4E61800543463 /* Foundation.framework */; };
		0D536F2415C4E61800543463 /* InfoPlist.strings in Resources */ = {isa = PBXBuildFile; fileRef = 0D536F2215C4E61800543463 /* InfoPlist.strings */; };
		0D536F2715C4E61800543463 /* katol63Tests.m in Sources */ = {isa = PBXBuildFile; fileRef = 0D536F2615C4E61800543463 /* katol63Tests.m */; };
/* End PBXBuildFile section */

/* Begin PBXContainerItemProxy section */
		0D536F1D15C4E61800543463 /* PBXContainerItemProxy */ = {
			isa = PBXContainerItemProxy;
			containerPortal = 0D536EF415C4E61800543463 /* Project object */;
			proxyType = 1;
			remoteGlobalIDString = 0D536EFC15C4E61800543463;
			remoteInfo = katol63;
		};
/* End PBXContainerItemProxy section */

/* Begin PBXFileReference section */
		0D536EFD15C4E61800543463 /* katol63.app */ = {isa = PBXFileReference; explicitFileType = wrapper.application; includeInIndex = 0; path = katol63.app; sourceTree = BUILT_PRODUCTS_DIR; };
		0D536F0115C4E61800543463 /* UIKit.framework */ = {isa = PBXFileReference; lastKnownFileType = wrapper.framework; name = UIKit.framework; path = System/Library/Frameworks/UIKit.framework; sourceTree = SDKROOT; };
		0D536F0315C4E61800543463 /* Foundation.framework */ = {isa = PBXFileReference; lastKnownFileType = wrapper.framework; name = Foundation.framework; path = System/Library/Frameworks/Foundation.framework; sourceTree = SDKROOT; };
		0D536F0515C4E61800543463 /* CoreGraphics.framework */ = {isa = PBXFileReference; lastKnownFileType = wrapper.framework; name = CoreGraphics.framework; path = System/Library/Frameworks/CoreGraphics.framework; sourceTree = SDKROOT; };
		0D536F0915C4E61800543463 /* katol63-Info.plist */ = {isa = PBXFileReference; path = "katol63-Info.plist"; sourceTree = "<group>"; };
		0D536F0B15C4E61800543463 /* en */ = {isa = PBXFileReference; lastKnownFileType = text.plist.strings; name = en; path = en.lproj/InfoPlist.strings; sourceTree = "<group>"; };
		0D536F0D15C4E61800543463 /* main.m */ = {isa = PBXFileReference; lastKnownFileType = sourcecode.c.objc; path = main.m; sourceTree = "<group>"; };
		0D536F0F15C4E61800543463 /* katol63-Prefix.pch */ = {isa = PBXFileReference; path = "katol63-Prefix.pch"; sourceTree = "<group>"; };
		0D536F1015C4E61800543463 /* AppDelegate.h */ = {isa = PBXFileReference; path = AppDelegate.h; sourceTree = "<group>"; };
		0D536F1115C4E61800543463 /* AppDelegate.m */ = {isa = PBXFileReference; lastKnownFileType = sourcecode.c.objc; path = AppDelegate.m; sourceTree = "<group>"; };
		0D536F1815C4E61800543463 /* katol63Tests.octest */ = {isa = PBXFileReference; explicitFileType = wrapper.cfbundle; includeInIndex = 0; path = katol63Tests.octest; sourceTree = BUILT_PRODUCTS_DIR; };
		0D536F1915C4E61800543463 /* SenTestingKit.framework */ = {isa = PBXFileReference; lastKnownFileType = wrapper.framework; name = SenTestingKit.framework; path = Library/Frameworks/SenTestingKit.framework; sourceTree = DEVELOPER_DIR; };
		0D536F2115C4E61800543463 /* katol63Tests-Info.plist */ = {isa = PBXFileReference; path = "katol63Tests-Info.plist"; sourceTree = "<group>"; };
		0D536F2315C4E61800543463 /* en */ = {isa = PBXFileReference; lastKnownFileType = text.plist.strings; name = en; path = en.lproj/InfoPlist.strings; sourceTree = "<group>"; };
		0D536F2515C4E61800543463 /* katol63Tests.h */ = {isa = PBXFileReference; path = katol63Tests.h; sourceTree = "<group>"; };
		0D536F2615C4E61800543463 /* katol63Tests.m */ = {isa = PBXFileReference; lastKnownFileType = sourcecode.c.objc; path = katol63Tests.m; sourceTree = "<group>"; };
/* End PBXFileReference section */

/* Begin PBXFrameworksBuildPhase section */
		0D536EFA15C4E61800543463 /* Frameworks */ = {
			isa = PBXFrameworksBuildPhase;
			buildActionMask = 2147483647;
			files = (
				0D536F0215C4E61800543463 /* UIKit.framework in Frameworks */,
				0D536F0415C4E61800543463 /* Foundation.framework in Frameworks */,
				0D536F0615C4E61800543463 /* CoreGraphics.framework in Frameworks */,
			);
			runOnlyForDeploymentPostprocessing = 0;
		};
		0D536F1415C4E61800543463 /* Frameworks */ = {
			isa = PBXFrameworksBuildPhase;
			buildActionMask = 2147483647;
			files = (
				0D536F1A15C4E61800543463 /* SenTestingKit.framework in Frameworks */,
				0D536F1B15C4E61800543463 /* UIKit.framework in Frameworks */,
				0D536F1C15C4E61800543463 /* Foundation.framework in Frameworks */,
			);
			runOnlyForDeploymentPostprocessing = 0;
		};
/* End PBXFrameworksBuildPhase section */

/* Begin PBXGroup section */
		0D536EF215C4E61800543463 = {
			isa = PBXGroup;
			children = (
				0D536F0715C4E61800543463 /* katol63 */,
				0D536F1F15C4E61800543463 /* katol63Tests */,
				0D536F0015C4E61800543463 /* Frameworks */,
				0D536EFE15C4E61800543463 /* Products */,
			);
			sourceTree = "<group>";
		};
		0D536EFE15C4E61800543463 /* Products */ = {
			isa = PBXGroup;
			children = (
				0D536EFD15C4E61800543463 /* katol63.app */,
				0D536F1815C4E61800543463 /* katol63Tests.octest */,
			);
			name = Products;
			sourceTree = "<group>";
		};
		0D536F0015C4E61800543463 /* Frameworks */ = {
			isa = PBXGroup;
			children = (
				0D536F0115C4E61800543463 /* UIKit.framework */,
				0D536F0315C4E61800543463 /* Foundation.framework */,
				0D536F0515C4E61800543463 /* CoreGraphics.framework */,
				0D536F1915C4E61800543463 /* SenTestingKit.framework */,
			);
			name = Frameworks;
			sourceTree = "<group>";
		};
		0D536F0715C4E61800543463 /* katol63 */ = {
			isa = PBXGroup;
			children = (
				0D536F1015C4E61800543463 /* AppDelegate.h */,
				0D536F1115C4E61800543463 /* AppDelegate.m */,
				0D536F0815C4E61800543463 /* Supporting Files */,
			);
			path = katol63;
			sourceTree = "<group>";
		};
		0D536F0815C4E61800543463 /* Supporting Files */ = {
			isa = PBXGroup;
			children = (
				0D536F0915C4E61800543463 /* katol63-Info.plist */,
				0D536F0A15C4E61800543463 /* InfoPlist.strings */,
				0D536F0D15C4E61800543463 /* main.m */,
				0D536F0F15C4E61800543463 /* katol63-Prefix.pch */,
			);
			name = "Supporting Files";
			sourceTree = "<group>";
		};
		0D536F1F15C4E61800543463 /* katol63Tests */ = {
			isa = PBXGroup;
			children = (
				0D536F2515C4E61800543463 /* katol63Tests.h */,
				0D536F2615C4E61800543463 /* katol63Tests.m */,
				0D536F2015C4E61800543463 /* Supporting Files */,
			);
			path = katol63Tests;
			sourceTree = "<group>";
		};
		0D536F2015C4E61800543463 /* Supporting Files */ = {
			isa = PBXGroup;
			children = (
				0D536F2115C4E61800543463 /* katol63Tests-Info.plist */,
				0D536F2215C4E61800543463 /* InfoPlist.strings */,
			);
			name = "Supporting Files";
			sourceTree = "<group>";
		};
/* End PBXGroup section */

/* Begin PBXNativeTarget section */
		0D536EFC15C4E61800543463 /* katol63 */ = {
			isa = PBXNativeTarget;
			buildConfigurationList = 0D536F2A15C4E61800543463 /* Build configuration list for PBXNativeTarget "katol63" */;
			buildPhases = (
				0D536EF915C4E61800543463 /* Sources */,
				0D536EFA15C4E61800543463 /* Frameworks */,
				0D536EFB15C4E61800543463 /* Resources */,
			);
			buildRules = (
			);
			dependencies = (
			);
			name = katol63;
			productName = katol63;
			productReference = 0D536EFD15C4E61800543463 /* katol63.app */;
			productType = "com.apple.product-type.application";
		};
		0D536F1715C4E61800543463 /* katol63Tests */ = {
			isa = PBXNativeTarget;
			buildConfigurationList = 0D536F2D15C4E61800543463 /* Build configuration list for PBXNativeTarget "katol63Tests" */;
			buildPhases = (
				0D536F1315C4E61800543463 /* Sources */,
				0D536F1415C4E61800543463 /* Frameworks */,
				0D536F1515C4E61800543463 /* Resources */,
				0D536F1615C4E61800543463 /* ShellScript */,
			);
			buildRules = (
			);
			dependencies = (
				0D536F1E15C4E61800543463 /* PBXTargetDependency */,
			);
			name = katol63Tests;
			productName = katol63Tests;
			productReference = 0D536F1815C4E61800543463 /* katol63Tests.octest */;
			productType = "com.apple.product-type.bundle";
		};
/* End PBXNativeTarget section */

/* Begin PBXProject section */
		0D536EF415C4E61800543463 /* Project object */ = {
			isa = PBXProject;
			attributes = {
				LastUpgradeCheck = 0430;
			};
			buildConfigurationList = 0D536EF715C4E61800543463 /* Build configuration list for PBXProject "katol63" */;
			compatibilityVersion = "Xcode 3.2";
			developmentRegion = English;
			hasScannedForEncodings = 0;
			knownRegions = (
				en,
			);
			mainGroup = 0D536EF215C4E61800543463;
			productRefGroup = 0D536EFE15C4E61800543463 /* Products */;
			projectDirPath = "";
			projectRoot = "";
			targets = (
				0D536EFC15C4E61800543463 /* katol63 */,
				0D536F1715C4E61800543463 /* katol63Tests */,
			);
		};
/* End PBXProject section */

/* Begin PBXResourcesBuildPhase section */
		0D536EFB15C4E61800543463 /* Resources */ = {
			isa = PBXResourcesBuildPhase;
			buildActionMask = 2147483647;
			files = (
				0D536F0C15C4E61800543463 /* InfoPlist.strings in Resources */,
			);
			runOnlyForDeploymentPostprocessing = 0;
		};
		0D536F1515C4E61800543463 /* Resources */ = {
			isa = PBXResourcesBuildPhase;
			buildActionMask = 2147483647;
			files = (
				0D536F2415C4E61800543463 /* InfoPlist.strings in Resources */,
			);
			runOnlyForDeploymentPostprocessing = 0;
		};
/* End PBXResourcesBuildPhase section */

/* Begin PBXShellScriptBuildPhase section */
		0D536F1615C4E61800543463 /* ShellScript */ = {
			isa = PBXShellScriptBuildPhase;
			buildActionMask = 2147483647;
			files = (
			);
			inputPaths = (
			);
			outputPaths = (
			);
			runOnlyForDeploymentPostprocessing = 0;
			shellPath = /bin/sh;
			shellScript = "# Run the unit tests in this test bundle.\n\"${SYSTEM_DEVELOPER_DIR}/Tools/RunUnitTests\"\n";
		};
/* End PBXShellScriptBuildPhase section */

/* Begin PBXSourcesBuildPhase section */
		0D536EF915C4E61800543463 /* Sources */ = {
			isa = PBXSourcesBuildPhase;
			buildActionMask = 2147483647;
			files = (
				0D536F0E15C4E61800543463 /* main.m in Sources */,
				0D536F1215C4E61800543463 /* AppDelegate.m in Sources */,
			);
			runOnlyForDeploymentPostprocessing = 0;
		};
		0D536F1315C4E61800543463 /* Sources */ = {
			isa = PBXSourcesBuildPhase;
			buildActionMask = 2147483647;
			files = (
				0D536F2715C4E61800543463 /* katol63Tests.m in Sources */,
			);
			runOnlyForDeploymentPostprocessing = 0;
		};
/* End PBXSourcesBuildPhase section */

/* Begin PBXTargetDependency section */
		0D536F1E15C4E61800543463 /* PBXTargetDependency */ = {
			isa = PBXTargetDependency;
			target = 0D536EFC15C4E61800543463 /* katol63 */;
			targetProxy = 0D536F1D15C4E61800543463 /* PBXContainerItemProxy */;
		};
/* End PBXTargetDependency section */

/* Begin PBXVariantGroup section */
		0D536F0A15C4E61800543463 /* InfoPlist.strings */ = {
			isa = PBXVariantGroup;
			children = (
				0D536F0B15C4E61800543463 /* en */,
			);
			name = InfoPlist.strings;
			sourceTree = "<group>";
		};
		0D536F2215C4E61800543463 /* InfoPlist.strings */ = {
			isa = PBXVariantGroup;
			children = (
				0D536F2315C4E61800543463 /* en */,
			);
			name = InfoPlist.strings;
			sourceTree = "<group>";
		};
/* End PBXVariantGroup section */

/* Begin XCBuildConfiguration section */
		0D536F2815C4E61800543463 /* Debug */ = {
			isa = XCBuildConfiguration;
			buildSettings = {
				ALWAYS_SEARCH_USER_PATHS = NO;
				ARCHS = "$(ARCHS_STANDARD_32_BIT)";
				"CODE_SIGN_IDENTITY[sdk=iphoneos*]" = "iPhone Developer";
				COPY_PHASE_STRIP = NO;
				GCC_C_LANGUAGE_STANDARD = gnu99;
				GCC_DYNAMIC_NO_PIC = NO;
				GCC_OPTIMIZATION_LEVEL = 0;
				GCC_PREPROCESSOR_DEFINITIONS = (
					"DEBUG=1",
					"$(inherited)",
				);
				GCC_SYMBOLS_PRIVATE_EXTERN = NO;
				GCC_VERSION = com.apple.compilers.llvm.clang.1_0;
				GCC_WARN_ABOUT_RETURN_TYPE = YES;
				GCC_WARN_UNINITIALIZED_AUTOS = YES;
				GCC_WARN_UNUSED_VARIABLE = YES;
				IPHONEOS_DEPLOYMENT_TARGET = 5.1;
				SDKROOT = iphoneos;
				TARGETED_DEVICE_FAMILY = "1,2";
			};
			name = Debug;
		};
		0D536F2915C4E61800543463 /* Release */ = {
			isa = XCBuildConfiguration;
			buildSettings = {
				ALWAYS_SEARCH_USER_PATHS = NO;
				ARCHS = "$(ARCHS_STANDARD_32_BIT)";
				"CODE_SIGN_IDENTITY[sdk=iphoneos*]" = "iPhone Developer";
				COPY_PHASE_STRIP = YES;
				GCC_C_LANGUAGE_STANDARD = gnu99;
				GCC_VERSION = com.apple.compilers.llvm.clang.1_0;
				GCC_WARN_ABOUT_RETURN_TYPE = YES;
				GCC_WARN_UNINITIALIZED_AUTOS = YES;
				GCC_WARN_UNUSED_VARIABLE = YES;
				IPHONEOS_DEPLOYMENT_TARGET = 5.1;
				OTHER_CFLAGS = "-DNS_BLOCK_ASSERTIONS=1";
				SDKROOT = iphoneos;
				TARGETED_DEVICE_FAMILY = "1,2";
				VALIDATE_PRODUCT = YES;
			};
			name = Release;
		};
		0D536F2B15C4E61800543463 /* Debug */ = {
			isa = XCBuildConfiguration;
			buildSettings = {
				GCC_PRECOMPILE_PREFIX_HEADER = YES;
				GCC_PREFIX_HEADER = "katol63/katol63-Prefix.pch";
				INFOPLIST_FILE = "katol63/katol63-Info.plist";
				PRODUCT_NAME = "$(TARGET_NAME)";
				WRAPPER_EXTENSION = app;
			};
			name = Debug;
		};
		0D536F2C15C4E61800543463 /* Release */ = {
			isa = XCBuildConfiguration;
			buildSettings = {
				GCC_PRECOMPILE_PREFIX_HEADER = YES;
				GCC_PREFIX_HEADER = "katol63/katol63-Prefix.pch";
				INFOPLIST_FILE = "katol63/katol63-Info.plist";
				PRODUCT_NAME = "$(TARGET_NAME)";
				WRAPPER_EXTENSION = app;
			};
			name = Release;
		};
		0D536F2E15C4E61800543463 /* Debug */ = {
			isa = XCBuildConfiguration;
			buildSettings = {
				BUNDLE_LOADER = "$(BUILT_PRODUCTS_DIR)/katol63.app/katol63";
				FRAMEWORK_SEARCH_PATHS = (
					"$(SDKROOT)/Developer/Library/Frameworks",
					"$(DEVELOPER_LIBRARY_DIR)/Frameworks",
				);
				GCC_PRECOMPILE_PREFIX_HEADER = YES;
				GCC_PREFIX_HEADER = "katol63/katol63-Prefix.pch";
				INFOPLIST_FILE = "katol63Tests/katol63Tests-Info.plist";
				PRODUCT_NAME = "$(TARGET_NAME)";
				TEST_HOST = "$(BUNDLE_LOADER)";
				WRAPPER_EXTENSION = octest;
			};
			name = Debug;
		};
		0D536F2F15C4E61800543463 /* Release */ = {
			isa = XCBuildConfiguration;
			buildSettings = {
				BUNDLE_LOADER = "$(BUILT_PRODUCTS_DIR)/katol63.app/katol63";
				FRAMEWORK_SEARCH_PATHS = (
					"$(SDKROOT)/Developer/Library/Frameworks",
					"$(DEVELOPER_LIBRARY_DIR)/Frameworks",
				);
				GCC_PRECOMPILE_PREFIX_HEADER = YES;
				GCC_PREFIX_HEADER = "katol63/katol63-Prefix.pch";
				INFOPLIST_FILE = "katol63Tests/katol63Tests-Info.plist";
				PRODUCT_NAME = "$(TARGET_NAME)";
				TEST_HOST = "$(BUNDLE_LOADER)";
				WRAPPER_EXTENSION = octest;
			};
			name = Release;
		};
/* End XCBuildConfiguration section */

/* Begin XCConfigurationList section */
		0D536EF715C4E61800543463 /* Build configuration list for PBXProject "katol63" */ = {
			isa = XCConfigurationList;
			buildConfigurations = (
				0D536F2815C4E61800543463 /* Debug */,
				0D536F2915C4E61800543463 /* Release */,
			);
			defaultConfigurationIsVisible = 0;
			defaultConfigurationName = Release;
		};
		0D536F2A15C4E61800543463 /* Build configuration list for PBXNativeTarget "katol63" */ = {
			isa = XCConfigurationList;
			buildConfigurations = (
				0D536F2B15C4E61800543463 /* Debug */,
				0D536F2C15C4E61800543463 /* Release */,
			);
			defaultConfigurationIsVisible = 0;
		};
		0D536F2D15C4E61800543463 /* Build configuration list for PBXNativeTarget "katol63Tests" */ = {
			isa = XCConfigurationList;
			buildConfigurations = (
				0D536F2E15C4E61800543463 /* Debug */,
				0D536F2F15C4E61800543463 /* Release */,
			);
			defaultConfigurationIsVisible = 0;
		};
/* End XCConfigurationList section */
	};
	rootObject = 0D536EF415C4E61800543463 /* Project object */;
}
